// !$*UTF8*$!
{
	archiveVersion = 1;
	classes = {
	};
	objectVersion = 46;
	objects = {

/* Begin PBXBuildFile section */
		B2BF01D31A76BFBB000498FC /* main.m in Sources */ = {isa = PBXBuildFile; fileRef = B2BF01D21A76BFBB000498FC /* main.m */; };
		B2BF01D61A76BFBB000498FC /* AppDelegate.m in Sources */ = {isa = PBXBuildFile; fileRef = B2BF01D51A76BFBB000498FC /* AppDelegate.m */; };
		B2BF01D91A76BFBB000498FC /* ViewController.m in Sources */ = {isa = PBXBuildFile; fileRef = B2BF01D81A76BFBB000498FC /* ViewController.m */; };
		B2BF01DC1A76BFBB000498FC /* Main.storyboard in Resources */ = {isa = PBXBuildFile; fileRef = B2BF01DA1A76BFBB000498FC /* Main.storyboard */; };
		B2BF01DE1A76BFBB000498FC /* Images.xcassets in Resources */ = {isa = PBXBuildFile; fileRef = B2BF01DD1A76BFBB000498FC /* Images.xcassets */; };
		B2BF01E11A76BFBB000498FC /* LaunchScreen.xib in Resources */ = {isa = PBXBuildFile; fileRef = B2BF01DF1A76BFBB000498FC /* LaunchScreen.xib */; };
		B2BF01ED1A76BFBB000498FC /* BillSplitterTests.m in Sources */ = {isa = PBXBuildFile; fileRef = B2BF01EC1A76BFBB000498FC /* BillSplitterTests.m */; };
/* End PBXBuildFile section */

/* Begin PBXContainerItemProxy section */
		B2BF01E71A76BFBB000498FC /* PBXContainerItemProxy */ = {
			isa = PBXContainerItemProxy;
			containerPortal = B2BF01C51A76BFBB000498FC /* Project object */;
			proxyType = 1;
			remoteGlobalIDString = B2BF01CC1A76BFBB000498FC;
			remoteInfo = BillSplitter;
		};
/* End PBXContainerItemProxy section */

/* Begin PBXFileReference section */
		B2BF01CD1A76BFBB000498FC /* BillSplitter.app */ = {isa = PBXFileReference; explicitFileType = wrapper.application; includeInIndex = 0; path = BillSplitter.app; sourceTree = BUILT_PRODUCTS_DIR; };
		B2BF01D11A76BFBB000498FC /* Info.plist */ = {isa = PBXFileReference; lastKnownFileType = text.plist.xml; path = Info.plist; sourceTree = "<group>"; };
		B2BF01D21A76BFBB000498FC /* main.m */ = {isa = PBXFileReference; lastKnownFileType = sourcecode.c.objc; path = main.m; sourceTree = "<group>"; };
		B2BF01D41A76BFBB000498FC /* AppDelegate.h */ = {isa = PBXFileReference; lastKnownFileType = sourcecode.c.h; path = AppDelegate.h; sourceTree = "<group>"; };
		B2BF01D51A76BFBB000498FC /* AppDelegate.m */ = {isa = PBXFileReference; lastKnownFileType = sourcecode.c.objc; path = AppDelegate.m; sourceTree = "<group>"; };
		B2BF01D71A76BFBB000498FC /* ViewController.h */ = {isa = PBXFileReference; lastKnownFileType = sourcecode.c.h; path = ViewController.h; sourceTree = "<group>"; };
		B2BF01D81A76BFBB000498FC /* ViewController.m */ = {isa = PBXFileReference; lastKnownFileType = sourcecode.c.objc; path = ViewController.m; sourceTree = "<group>"; };
		B2BF01DB1A76BFBB000498FC /* Base */ = {isa = PBXFileReference; lastKnownFileType = file.storyboard; name = Base; path = Base.lproj/Main.storyboard; sourceTree = "<group>"; };
		B2BF01DD1A76BFBB000498FC /* Images.xcassets */ = {isa = PBXFileReference; lastKnownFileType = folder.assetcatalog; path = Images.xcassets; sourceTree = "<group>"; };
		B2BF01E01A76BFBB000498FC /* Base */ = {isa = PBXFileReference; lastKnownFileType = file.xib; name = Base; path = Base.lproj/LaunchScreen.xib; sourceTree = "<group>"; };
		B2BF01E61A76BFBB000498FC /* BillSplitterTests.xctest */ = {isa = PBXFileReference; explicitFileType = wrapper.cfbundle; includeInIndex = 0; path = BillSplitterTests.xctest; sourceTree = BUILT_PRODUCTS_DIR; };
		B2BF01EB1A76BFBB000498FC /* Info.plist */ = {isa = PBXFileReference; lastKnownFileType = text.plist.xml; path = Info.plist; sourceTree = "<group>"; };
		B2BF01EC1A76BFBB000498FC /* BillSplitterTests.m */ = {isa = PBXFileReference; lastKnownFileType = sourcecode.c.objc; path = BillSplitterTests.m; sourceTree = "<group>"; };
/* End PBXFileReference section */

/* Begin PBXFrameworksBuildPhase section */
		B2BF01CA1A76BFBB000498FC /* Frameworks */ = {
			isa = PBXFrameworksBuildPhase;
			buildActionMask = 2147483647;
			files = (
			);
			runOnlyForDeploymentPostprocessing = 0;
		};
		B2BF01E31A76BFBB000498FC /* Frameworks */ = {
			isa = PBXFrameworksBuildPhase;
			buildActionMask = 2147483647;
			files = (
			);
			runOnlyForDeploymentPostprocessing = 0;
		};
/* End PBXFrameworksBuildPhase section */

/* Begin PBXGroup section */
		B2BF01C41A76BFBB000498FC = {
			isa = PBXGroup;
			children = (
				B2BF01CF1A76BFBB000498FC /* BillSplitter */,
				B2BF01E91A76BFBB000498FC /* BillSplitterTests */,
				B2BF01CE1A76BFBB000498FC /* Products */,
			);
			sourceTree = "<group>";
		};
		B2BF01CE1A76BFBB000498FC /* Products */ = {
			isa = PBXGroup;
			children = (
				B2BF01CD1A76BFBB000498FC /* BillSplitter.app */,
				B2BF01E61A76BFBB000498FC /* BillSplitterTests.xctest */,
			);
			name = Products;
			sourceTree = "<group>";
		};
		B2BF01CF1A76BFBB000498FC /* BillSplitter */ = {
			isa = PBXGroup;
			children = (
				B2BF01D41A76BFBB000498FC /* AppDelegate.h */,
				B2BF01D51A76BFBB000498FC /* AppDelegate.m */,
				B2BF01D71A76BFBB000498FC /* ViewController.h */,
				B2BF01D81A76BFBB000498FC /* ViewController.m */,
				B2BF01DA1A76BFBB000498FC /* Main.storyboard */,
				B2BF01DD1A76BFBB000498FC /* Images.xcassets */,
				B2BF01DF1A76BFBB000498FC /* LaunchScreen.xib */,
				B2BF01D01A76BFBB000498FC /* Supporting Files */,
			);
			path = BillSplitter;
			sourceTree = "<group>";
		};
		B2BF01D01A76BFBB000498FC /* Supporting Files */ = {
			isa = PBXGroup;
			children = (
				B2BF01D11A76BFBB000498FC /* Info.plist */,
				B2BF01D21A76BFBB000498FC /* main.m */,
			);
			name = "Supporting Files";
			sourceTree = "<group>";
		};
		B2BF01E91A76BFBB000498FC /* BillSplitterTests */ = {
			isa = PBXGroup;
			children = (
				B2BF01EC1A76BFBB000498FC /* BillSplitterTests.m */,
				B2BF01EA1A76BFBB000498FC /* Supporting Files */,
			);
			path = BillSplitterTests;
			sourceTree = "<group>";
		};
		B2BF01EA1A76BFBB000498FC /* Supporting Files */ = {
			isa = PBXGroup;
			children = (
				B2BF01EB1A76BFBB000498FC /* Info.plist */,
			);
			name = "Supporting Files";
			sourceTree = "<group>";
		};
/* End PBXGroup section */

/* Begin PBXNativeTarget section */
		B2BF01CC1A76BFBB000498FC /* BillSplitter */ = {
			isa = PBXNativeTarget;
			buildConfigurationList = B2BF01F01A76BFBB000498FC /* Build configuration list for PBXNativeTarget "BillSplitter" */;
			buildPhases = (
				B2BF01C91A76BFBB000498FC /* Sources */,
				B2BF01CA1A76BFBB000498FC /* Frameworks */,
				B2BF01CB1A76BFBB000498FC /* Resources */,
			);
			buildRules = (
			);
			dependencies = (
			);
			name = BillSplitter;
			productName = BillSplitter;
			productReference = B2BF01CD1A76BFBB000498FC /* BillSplitter.app */;
			productType = "com.apple.product-type.application";
		};
		B2BF01E51A76BFBB000498FC /* BillSplitterTests */ = {
			isa = PBXNativeTarget;
			buildConfigurationList = B2BF01F31A76BFBB000498FC /* Build configuration list for PBXNativeTarget "BillSplitterTests" */;
			buildPhases = (
				B2BF01E21A76BFBB000498FC /* Sources */,
				B2BF01E31A76BFBB000498FC /* Frameworks */,
				B2BF01E41A76BFBB000498FC /* Resources */,
			);
			buildRules = (
			);
			dependencies = (
				B2BF01E81A76BFBB000498FC /* PBXTargetDependency */,
			);
			name = BillSplitterTests;
			productName = BillSplitterTests;
			productReference = B2BF01E61A76BFBB000498FC /* BillSplitterTests.xctest */;
			productType = "com.apple.product-type.bundle.unit-test";
		};
/* End PBXNativeTarget section */

/* Begin PBXProject section */
		B2BF01C51A76BFBB000498FC /* Project object */ = {
			isa = PBXProject;
			attributes = {
				LastUpgradeCheck = 0610;
				ORGANIZATIONNAME = "Empath Solutions";
				TargetAttributes = {
					B2BF01CC1A76BFBB000498FC = {
						CreatedOnToolsVersion = 6.1.1;
					};
					B2BF01E51A76BFBB000498FC = {
						CreatedOnToolsVersion = 6.1.1;
						TestTargetID = B2BF01CC1A76BFBB000498FC;
					};
				};
			};
			buildConfigurationList = B2BF01C81A76BFBB000498FC /* Build configuration list for PBXProject "BillSplitter" */;
			compatibilityVersion = "Xcode 3.2";
			developmentRegion = English;
			hasScannedForEncodings = 0;
			knownRegions = (
				en,
				Base,
			);
			mainGroup = B2BF01C41A76BFBB000498FC;
			productRefGroup = B2BF01CE1A76BFBB000498FC /* Products */;
			projectDirPath = "";
			projectRoot = "";
			targets = (
				B2BF01CC1A76BFBB000498FC /* BillSplitter */,
				B2BF01E51A76BFBB000498FC /* BillSplitterTests */,
			);
		};
/* End PBXProject section */

/* Begin PBXResourcesBuildPhase section */
		B2BF01CB1A76BFBB000498FC /* Resources */ = {
			isa = PBXResourcesBuildPhase;
			buildActionMask = 2147483647;
			files = (
				B2BF01DC1A76BFBB000498FC /* Main.storyboard in Resources */,
				B2BF01E11A76BFBB000498FC /* LaunchScreen.xib in Resources */,
				B2BF01DE1A76BFBB000498FC /* Images.xcassets in Resources */,
			);
			runOnlyForDeploymentPostprocessing = 0;
		};
		B2BF01E41A76BFBB000498FC /* Resources */ = {
			isa = PBXResourcesBuildPhase;
			buildActionMask = 2147483647;
			files = (
			);
			runOnlyForDeploymentPostprocessing = 0;
		};
/* End PBXResourcesBuildPhase section */

/* Begin PBXSourcesBuildPhase section */
		B2BF01C91A76BFBB000498FC /* Sources */ = {
			isa = PBXSourcesBuildPhase;
			buildActionMask = 2147483647;
			files = (
				B2BF01D91A76BFBB000498FC /* ViewController.m in Sources */,
				B2BF01D61A76BFBB000498FC /* AppDelegate.m in Sources */,
				B2BF01D31A76BFBB000498FC /* main.m in Sources */,
			);
			runOnlyForDeploymentPostprocessing = 0;
		};
		B2BF01E21A76BFBB000498FC /* Sources */ = {
			isa = PBXSourcesBuildPhase;
			buildActionMask = 2147483647;
			files = (
				B2BF01ED1A76BFBB000498FC /* BillSplitterTests.m in Sources */,
			);
			runOnlyForDeploymentPostprocessing = 0;
		};
/* End PBXSourcesBuildPhase section */

/* Begin PBXTargetDependency section */
		B2BF01E81A76BFBB000498FC /* PBXTargetDependency */ = {
			isa = PBXTargetDependency;
			target = B2BF01CC1A76BFBB000498FC /* BillSplitter */;
			targetProxy = B2BF01E71A76BFBB000498FC /* PBXContainerItemProxy */;
		};
/* End PBXTargetDependency section */

/* Begin PBXVariantGroup section */
		B2BF01DA1A76BFBB000498FC /* Main.storyboard */ = {
			isa = PBXVariantGroup;
			children = (
				B2BF01DB1A76BFBB000498FC /* Base */,
			);
			name = Main.storyboard;
			sourceTree = "<group>";
		};
		B2BF01DF1A76BFBB000498FC /* LaunchScreen.xib */ = {
			isa = PBXVariantGroup;
			children = (
				B2BF01E01A76BFBB000498FC /* Base */,
			);
			name = LaunchScreen.xib;
			sourceTree = "<group>";
		};
/* End PBXVariantGroup section */

/* Begin XCBuildConfiguration section */
		B2BF01EE1A76BFBB000498FC /* Debug */ = {
			isa = XCBuildConfiguration;
			buildSettings = {
				ALWAYS_SEARCH_USER_PATHS = NO;
				CLANG_CXX_LANGUAGE_STANDARD = "gnu++0x";
				CLANG_CXX_LIBRARY = "libc++";
				CLANG_ENABLE_MODULES = YES;
				CLANG_ENABLE_OBJC_ARC = YES;
				CLANG_WARN_BOOL_CONVERSION = YES;
				CLANG_WARN_CONSTANT_CONVERSION = YES;
				CLANG_WARN_DIRECT_OBJC_ISA_USAGE = YES_ERROR;
				CLANG_WARN_EMPTY_BODY = YES;
				CLANG_WARN_ENUM_CONVERSION = YES;
				CLANG_WARN_INT_CONVERSION = YES;
				CLANG_WARN_OBJC_ROOT_CLASS = YES_ERROR;
				CLANG_WARN_UNREACHABLE_CODE = YES;
				CLANG_WARN__DUPLICATE_METHOD_MATCH = YES;
				"CODE_SIGN_IDENTITY[sdk=iphoneos*]" = "iPhone Developer";
				COPY_PHASE_STRIP = NO;
				ENABLE_STRICT_OBJC_MSGSEND = YES;
				GCC_C_LANGUAGE_STANDARD = gnu99;
				GCC_DYNAMIC_NO_PIC = NO;
				GCC_OPTIMIZATION_LEVEL = 0;
				GCC_PREPROCESSOR_DEFINITIONS = (
					"DEBUG=1",
					"$(inherited)",
				);
				GCC_SYMBOLS_PRIVATE_EXTERN = NO;
				GCC_WARN_64_TO_32_BIT_CONVERSION = YES;
				GCC_WARN_ABOUT_RETURN_TYPE = YES_ERROR;
				GCC_WARN_UNDECLARED_SELECTOR = YES;
				GCC_WARN_UNINITIALIZED_AUTOS = YES_AGGRESSIVE;
				GCC_WARN_UNUSED_FUNCTION = YES;
				GCC_WARN_UNUSED_VARIABLE = YES;
				IPHONEOS_DEPLOYMENT_TARGET = 8.1;
				MTL_ENABLE_DEBUG_INFO = YES;
				ONLY_ACTIVE_ARCH = YES;
				SDKROOT = iphoneos;
				TARGETED_DEVICE_FAMILY = "1,2";
			};
			name = Debug;
		};
		B2BF01EF1A76BFBB000498FC /* Release */ = {
			isa = XCBuildConfiguration;
			buildSettings = {
				ALWAYS_SEARCH_USER_PATHS = NO;
				CLANG_CXX_LANGUAGE_STANDARD = "gnu++0x";
				CLANG_CXX_LIBRARY = "libc++";
				CLANG_ENABLE_MODULES = YES;
				CLANG_ENABLE_OBJC_ARC = YES;
				CLANG_WARN_BOOL_CONVERSION = YES;
				CLANG_WARN_CONSTANT_CONVERSION = YES;
				CLANG_WARN_DIRECT_OBJC_ISA_USAGE = YES_ERROR;
				CLANG_WARN_EMPTY_BODY = YES;
				CLANG_WARN_ENUM_CONVERSION = YES;
				CLANG_WARN_INT_CONVERSION = YES;
				CLANG_WARN_OBJC_ROOT_CLASS = YES_ERROR;
				CLANG_WARN_UNREACHABLE_CODE = YES;
				CLANG_WARN__DUPLICATE_METHOD_MATCH = YES;
				"CODE_SIGN_IDENTITY[sdk=iphoneos*]" = "iPhone Developer";
				COPY_PHASE_STRIP = YES;
				ENABLE_NS_ASSERTIONS = NO;
				ENABLE_STRICT_OBJC_MSGSEND = YES;
				GCC_C_LANGUAGE_STANDARD = gnu99;
				GCC_WARN_64_TO_32_BIT_CONVERSION = YES;
				GCC_WARN_ABOUT_RETURN_TYPE = YES_ERROR;
				GCC_WARN_UNDECLARED_SELECTOR = YES;
				GCC_WARN_UNINITIALIZED_AUTOS = YES_AGGRESSIVE;
				GCC_WARN_UNUSED_FUNCTION = YES;
				GCC_WARN_UNUSED_VARIABLE = YES;
				IPHONEOS_DEPLOYMENT_TARGET = 8.1;
				MTL_ENABLE_DEBUG_INFO = NO;
				SDKROOT = iphoneos;
				TARGETED_DEVICE_FAMILY = "1,2";
				VALIDATE_PRODUCT = YES;
			};
			name = Release;
		};
		B2BF01F11A76BFBB000498FC /* Debug */ = {
			isa = XCBuildConfiguration;
			buildSettings = {
				ASSETCATALOG_COMPILER_APPICON_NAME = AppIcon;
				INFOPLIST_FILE = BillSplitter/Info.plist;
				LD_RUNPATH_SEARCH_PATHS = "$(inherited) @executable_path/Frameworks";
				PRODUCT_NAME = "$(TARGET_NAME)";
			};
			name = Debug;
		};
		B2BF01F21A76BFBB000498FC /* Release */ = {
			isa = XCBuildConfiguration;
			buildSettings = {
				ASSETCATALOG_COMPILER_APPICON_NAME = AppIcon;
				INFOPLIST_FILE = BillSplitter/Info.plist;
				LD_RUNPATH_SEARCH_PATHS = "$(inherited) @executable_path/Frameworks";
				PRODUCT_NAME = "$(TARGET_NAME)";
			};
			name = Release;
		};
		B2BF01F41A76BFBB000498FC /* Debug */ = {
			isa = XCBuildConfiguration;
			buildSettings = {
				BUNDLE_LOADER = "$(TEST_HOST)";
				FRAMEWORK_SEARCH_PATHS = (
					"$(SDKROOT)/Developer/Library/Frameworks",
					"$(inherited)",
				);
				GCC_PREPROCESSOR_DEFINITIONS = (
					"DEBUG=1",
					"$(inherited)",
				);
				INFOPLIST_FILE = BillSplitterTests/Info.plist;
				LD_RUNPATH_SEARCH_PATHS = "$(inherited) @executable_path/Frameworks @loader_path/Frameworks";
				PRODUCT_NAME = "$(TARGET_NAME)";
				TEST_HOST = "$(BUILT_PRODUCTS_DIR)/BillSplitter.app/BillSplitter";
			};
			name = Debug;
		};
		B2BF01F51A76BFBB000498FC /* Release */ = {
			isa = XCBuildConfiguration;
			buildSettings = {
				BUNDLE_LOADER = "$(TEST_HOST)";
				FRAMEWORK_SEARCH_PATHS = (
					"$(SDKROOT)/Developer/Library/Frameworks",
					"$(inherited)",
				);
				INFOPLIST_FILE = BillSplitterTests/Info.plist;
				LD_RUNPATH_SEARCH_PATHS = "$(inherited) @executable_path/Frameworks @loader_path/Frameworks";
				PRODUCT_NAME = "$(TARGET_NAME)";
				TEST_HOST = "$(BUILT_PRODUCTS_DIR)/BillSplitter.app/BillSplitter";
			};
			name = Release;
		};
/* End XCBuildConfiguration section */

/* Begin XCConfigurationList section */
		B2BF01C81A76BFBB000498FC /* Build configuration list for PBXProject "BillSplitter" */ = {
			isa = XCConfigurationList;
			buildConfigurations = (
				B2BF01EE1A76BFBB000498FC /* Debug */,
				B2BF01EF1A76BFBB000498FC /* Release */,
			);
			defaultConfigurationIsVisible = 0;
			defaultConfigurationName = Release;
		};
		B2BF01F01A76BFBB000498FC /* Build configuration list for PBXNativeTarget "BillSplitter" */ = {
			isa = XCConfigurationList;
			buildConfigurations = (
				B2BF01F11A76BFBB000498FC /* Debug */,
				B2BF01F21A76BFBB000498FC /* Release */,
			);
			defaultConfigurationIsVisible = 0;
		};
		B2BF01F31A76BFBB000498FC /* Build configuration list for PBXNativeTarget "BillSplitterTests" */ = {
			isa = XCConfigurationList;
			buildConfigurations = (
				B2BF01F41A76BFBB000498FC /* Debug */,
				B2BF01F51A76BFBB000498FC /* Release */,
			);
			defaultConfigurationIsVisible = 0;
		};
/* End XCConfigurationList section */
	};
	rootObject = B2BF01C51A76BFBB000498FC /* Project object */;
}
